// !$*UTF8*$!
{
	archiveVersion = 1;
	classes = {
	};
	objectVersion = 46;
	objects = {

/* Begin PBXBuildFile section */
		340E40E71BFB3C200054B560 /* ColorFormatter.swift in Sources */ = {isa = PBXBuildFile; fileRef = 340E40E61BFB3C200054B560 /* ColorFormatter.swift */; };
		340F3D111BF5E17F000C2EA8 /* Format.h in Headers */ = {isa = PBXBuildFile; fileRef = 340F3D101BF5E17F000C2EA8 /* Format.h */; settings = {ATTRIBUTES = (Public, ); }; };
		340F3D181BF5E17F000C2EA8 /* Format.framework in Frameworks */ = {isa = PBXBuildFile; fileRef = 340F3D0D1BF5E17F000C2EA8 /* Format.framework */; };
		340F3D2B1BF5E1DE000C2EA8 /* NumberExtensions.swift in Sources */ = {isa = PBXBuildFile; fileRef = 340F3D2A1BF5E1DE000C2EA8 /* NumberExtensions.swift */; };
		340F3D2D1BF5E1F1000C2EA8 /* Decimals.swift in Sources */ = {isa = PBXBuildFile; fileRef = 340F3D2C1BF5E1F1000C2EA8 /* Decimals.swift */; };
		340F3D2F1BF5E213000C2EA8 /* NumberFormatter.swift in Sources */ = {isa = PBXBuildFile; fileRef = 340F3D2E1BF5E213000C2EA8 /* NumberFormatter.swift */; };
		341F272E1BFA3D7800D83C8B /* AddressFormatter.swift in Sources */ = {isa = PBXBuildFile; fileRef = 341F272D1BFA3D7800D83C8B /* AddressFormatter.swift */; };
		341FBCD91BFB9E6F009EB89F /* MapKit.framework in Frameworks */ = {isa = PBXBuildFile; fileRef = 341FBCD81BFB9E6F009EB89F /* MapKit.framework */; };
		34201C811BF89E1900BB990D /* AddressBook.framework in Frameworks */ = {isa = PBXBuildFile; fileRef = 34201C801BF89E1900BB990D /* AddressBook.framework */; };
		345E9B741BF8826100A88BD7 /* Currency.swift in Sources */ = {isa = PBXBuildFile; fileRef = 345E9B731BF8826100A88BD7 /* Currency.swift */; };
		345E9B761BF88CF900A88BD7 /* General.swift in Sources */ = {isa = PBXBuildFile; fileRef = 345E9B751BF88CF900A88BD7 /* General.swift */; };
		345E9B781BF88F4500A88BD7 /* Constants.swift in Sources */ = {isa = PBXBuildFile; fileRef = 345E9B771BF88F4500A88BD7 /* Constants.swift */; };
		345E9B7D1BF892F900A88BD7 /* AddressExtensions.swift in Sources */ = {isa = PBXBuildFile; fileRef = 345E9B7C1BF892F900A88BD7 /* AddressExtensions.swift */; };
		345E9B801BF8931B00A88BD7 /* Contacts.framework in Frameworks */ = {isa = PBXBuildFile; fileRef = 345E9B7F1BF8931B00A88BD7 /* Contacts.framework */; };
		345E9B821BF8932000A88BD7 /* CoreLocation.framework in Frameworks */ = {isa = PBXBuildFile; fileRef = 345E9B811BF8932000A88BD7 /* CoreLocation.framework */; };
		34C74C121C0533E400B4342B /* ColorFormatterTests.swift in Sources */ = {isa = PBXBuildFile; fileRef = 34C74C111C0533E400B4342B /* ColorFormatterTests.swift */; };
		34C74C141C05392D00B4342B /* NumberFormatterTests.swift in Sources */ = {isa = PBXBuildFile; fileRef = 34C74C131C05392D00B4342B /* NumberFormatterTests.swift */; };
		34FA3E471C5FB80A000442D3 /* Mass.swift in Sources */ = {isa = PBXBuildFile; fileRef = 34FA3E461C5FB80A000442D3 /* Mass.swift */; };
/* End PBXBuildFile section */

/* Begin PBXContainerItemProxy section */
		340F3D191BF5E17F000C2EA8 /* PBXContainerItemProxy */ = {
			isa = PBXContainerItemProxy;
			containerPortal = 340F3D041BF5E17F000C2EA8 /* Project object */;
			proxyType = 1;
			remoteGlobalIDString = 340F3D0C1BF5E17F000C2EA8;
			remoteInfo = Format;
		};
/* End PBXContainerItemProxy section */

/* Begin PBXFileReference section */
		340E40E61BFB3C200054B560 /* ColorFormatter.swift */ = {isa = PBXFileReference; fileEncoding = 4; lastKnownFileType = sourcecode.swift; path = ColorFormatter.swift; sourceTree = "<group>"; };
		340F3D0D1BF5E17F000C2EA8 /* Format.framework */ = {isa = PBXFileReference; explicitFileType = wrapper.framework; includeInIndex = 0; path = Format.framework; sourceTree = BUILT_PRODUCTS_DIR; };
		340F3D101BF5E17F000C2EA8 /* Format.h */ = {isa = PBXFileReference; lastKnownFileType = sourcecode.c.h; path = Format.h; sourceTree = "<group>"; };
		340F3D121BF5E17F000C2EA8 /* Info.plist */ = {isa = PBXFileReference; lastKnownFileType = text.plist.xml; path = Info.plist; sourceTree = "<group>"; };
		340F3D171BF5E17F000C2EA8 /* FormatTests.xctest */ = {isa = PBXFileReference; explicitFileType = wrapper.cfbundle; includeInIndex = 0; path = FormatTests.xctest; sourceTree = BUILT_PRODUCTS_DIR; };
		340F3D1E1BF5E17F000C2EA8 /* Info.plist */ = {isa = PBXFileReference; lastKnownFileType = text.plist.xml; path = Info.plist; sourceTree = "<group>"; };
		340F3D2A1BF5E1DE000C2EA8 /* NumberExtensions.swift */ = {isa = PBXFileReference; fileEncoding = 4; lastKnownFileType = sourcecode.swift; path = NumberExtensions.swift; sourceTree = "<group>"; };
		340F3D2C1BF5E1F1000C2EA8 /* Decimals.swift */ = {isa = PBXFileReference; fileEncoding = 4; lastKnownFileType = sourcecode.swift; path = Decimals.swift; sourceTree = "<group>"; };
		340F3D2E1BF5E213000C2EA8 /* NumberFormatter.swift */ = {isa = PBXFileReference; fileEncoding = 4; lastKnownFileType = sourcecode.swift; path = NumberFormatter.swift; sourceTree = "<group>"; };
		341F272D1BFA3D7800D83C8B /* AddressFormatter.swift */ = {isa = PBXFileReference; fileEncoding = 4; lastKnownFileType = sourcecode.swift; path = AddressFormatter.swift; sourceTree = "<group>"; };
		341FBCD81BFB9E6F009EB89F /* MapKit.framework */ = {isa = PBXFileReference; lastKnownFileType = wrapper.framework; name = MapKit.framework; path = System/Library/Frameworks/MapKit.framework; sourceTree = SDKROOT; };
		34201C801BF89E1900BB990D /* AddressBook.framework */ = {isa = PBXFileReference; lastKnownFileType = wrapper.framework; name = AddressBook.framework; path = System/Library/Frameworks/AddressBook.framework; sourceTree = SDKROOT; };
		345E9B731BF8826100A88BD7 /* Currency.swift */ = {isa = PBXFileReference; fileEncoding = 4; lastKnownFileType = sourcecode.swift; path = Currency.swift; sourceTree = "<group>"; };
		345E9B751BF88CF900A88BD7 /* General.swift */ = {isa = PBXFileReference; fileEncoding = 4; lastKnownFileType = sourcecode.swift; path = General.swift; sourceTree = "<group>"; };
		345E9B771BF88F4500A88BD7 /* Constants.swift */ = {isa = PBXFileReference; fileEncoding = 4; lastKnownFileType = sourcecode.swift; path = Constants.swift; sourceTree = "<group>"; };
		345E9B7C1BF892F900A88BD7 /* AddressExtensions.swift */ = {isa = PBXFileReference; fileEncoding = 4; lastKnownFileType = sourcecode.swift; path = AddressExtensions.swift; sourceTree = "<group>"; };
		345E9B7F1BF8931B00A88BD7 /* Contacts.framework */ = {isa = PBXFileReference; lastKnownFileType = wrapper.framework; name = Contacts.framework; path = System/Library/Frameworks/Contacts.framework; sourceTree = SDKROOT; };
		345E9B811BF8932000A88BD7 /* CoreLocation.framework */ = {isa = PBXFileReference; lastKnownFileType = wrapper.framework; name = CoreLocation.framework; path = System/Library/Frameworks/CoreLocation.framework; sourceTree = SDKROOT; };
		34C74C111C0533E400B4342B /* ColorFormatterTests.swift */ = {isa = PBXFileReference; fileEncoding = 4; lastKnownFileType = sourcecode.swift; path = ColorFormatterTests.swift; sourceTree = "<group>"; };
		34C74C131C05392D00B4342B /* NumberFormatterTests.swift */ = {isa = PBXFileReference; fileEncoding = 4; lastKnownFileType = sourcecode.swift; path = NumberFormatterTests.swift; sourceTree = "<group>"; };
		34FA3E461C5FB80A000442D3 /* Mass.swift */ = {isa = PBXFileReference; fileEncoding = 4; lastKnownFileType = sourcecode.swift; path = Mass.swift; sourceTree = "<group>"; };
/* End PBXFileReference section */

/* Begin PBXFrameworksBuildPhase section */
		340F3D091BF5E17F000C2EA8 /* Frameworks */ = {
			isa = PBXFrameworksBuildPhase;
			buildActionMask = 2147483647;
			files = (
				341FBCD91BFB9E6F009EB89F /* MapKit.framework in Frameworks */,
				34201C811BF89E1900BB990D /* AddressBook.framework in Frameworks */,
				345E9B821BF8932000A88BD7 /* CoreLocation.framework in Frameworks */,
				345E9B801BF8931B00A88BD7 /* Contacts.framework in Frameworks */,
			);
			runOnlyForDeploymentPostprocessing = 0;
		};
		340F3D141BF5E17F000C2EA8 /* Frameworks */ = {
			isa = PBXFrameworksBuildPhase;
			buildActionMask = 2147483647;
			files = (
				340F3D181BF5E17F000C2EA8 /* Format.framework in Frameworks */,
			);
			runOnlyForDeploymentPostprocessing = 0;
		};
/* End PBXFrameworksBuildPhase section */

/* Begin PBXGroup section */
		340E40E21BFB3B9C0054B560 /* Color */ = {
			isa = PBXGroup;
			children = (
				340E40E61BFB3C200054B560 /* ColorFormatter.swift */,
			);
			name = Color;
			sourceTree = "<group>";
		};
		340F3D031BF5E17F000C2EA8 = {
			isa = PBXGroup;
			children = (
				340F3D0F1BF5E17F000C2EA8 /* Format */,
				340F3D1B1BF5E17F000C2EA8 /* FormatTests */,
				340F3D0E1BF5E17F000C2EA8 /* Products */,
			);
			sourceTree = "<group>";
		};
		340F3D0E1BF5E17F000C2EA8 /* Products */ = {
			isa = PBXGroup;
			children = (
				340F3D0D1BF5E17F000C2EA8 /* Format.framework */,
				340F3D171BF5E17F000C2EA8 /* FormatTests.xctest */,
			);
			name = Products;
			sourceTree = "<group>";
		};
		340F3D0F1BF5E17F000C2EA8 /* Format */ = {
			isa = PBXGroup;
			children = (
				345E9B791BF8927F00A88BD7 /* Address */,
				340E40E21BFB3B9C0054B560 /* Color */,
				340F3D271BF5E1B7000C2EA8 /* Numbers */,
				340F3D101BF5E17F000C2EA8 /* Format.h */,
				345E9B7E1BF8930600A88BD7 /* Frameworks */,
				340F3D121BF5E17F000C2EA8 /* Info.plist */,
				345E9B771BF88F4500A88BD7 /* Constants.swift */,
			);
			path = Format;
			sourceTree = "<group>";
		};
		340F3D1B1BF5E17F000C2EA8 /* FormatTests */ = {
			isa = PBXGroup;
			children = (
				34C74C131C05392D00B4342B /* NumberFormatterTests.swift */,
				34C74C111C0533E400B4342B /* ColorFormatterTests.swift */,
				340F3D1E1BF5E17F000C2EA8 /* Info.plist */,
			);
			path = FormatTests;
			sourceTree = "<group>";
		};
		340F3D271BF5E1B7000C2EA8 /* Numbers */ = {
			isa = PBXGroup;
			children = (
				340F3D2A1BF5E1DE000C2EA8 /* NumberExtensions.swift */,
				340F3D2E1BF5E213000C2EA8 /* NumberFormatter.swift */,
				340F3D2C1BF5E1F1000C2EA8 /* Decimals.swift */,
				345E9B731BF8826100A88BD7 /* Currency.swift */,
				345E9B751BF88CF900A88BD7 /* General.swift */,
				34FA3E461C5FB80A000442D3 /* Mass.swift */,
			);
			name = Numbers;
			sourceTree = "<group>";
		};
		345E9B791BF8927F00A88BD7 /* Address */ = {
			isa = PBXGroup;
			children = (
				345E9B7C1BF892F900A88BD7 /* AddressExtensions.swift */,
				341F272D1BFA3D7800D83C8B /* AddressFormatter.swift */,
			);
			name = Address;
			sourceTree = "<group>";
		};
		345E9B7E1BF8930600A88BD7 /* Frameworks */ = {
			isa = PBXGroup;
			children = (
				341FBCD81BFB9E6F009EB89F /* MapKit.framework */,
				34201C801BF89E1900BB990D /* AddressBook.framework */,
				345E9B811BF8932000A88BD7 /* CoreLocation.framework */,
				345E9B7F1BF8931B00A88BD7 /* Contacts.framework */,
			);
			name = Frameworks;
			sourceTree = "<group>";
		};
/* End PBXGroup section */

/* Begin PBXHeadersBuildPhase section */
		340F3D0A1BF5E17F000C2EA8 /* Headers */ = {
			isa = PBXHeadersBuildPhase;
			buildActionMask = 2147483647;
			files = (
				340F3D111BF5E17F000C2EA8 /* Format.h in Headers */,
			);
			runOnlyForDeploymentPostprocessing = 0;
		};
/* End PBXHeadersBuildPhase section */

/* Begin PBXNativeTarget section */
		340F3D0C1BF5E17F000C2EA8 /* Format */ = {
			isa = PBXNativeTarget;
			buildConfigurationList = 340F3D211BF5E17F000C2EA8 /* Build configuration list for PBXNativeTarget "Format" */;
			buildPhases = (
				340F3D081BF5E17F000C2EA8 /* Sources */,
				340F3D091BF5E17F000C2EA8 /* Frameworks */,
				340F3D0A1BF5E17F000C2EA8 /* Headers */,
				340F3D0B1BF5E17F000C2EA8 /* Resources */,
			);
			buildRules = (
			);
			dependencies = (
			);
			name = Format;
			productName = Format;
			productReference = 340F3D0D1BF5E17F000C2EA8 /* Format.framework */;
			productType = "com.apple.product-type.framework";
		};
		340F3D161BF5E17F000C2EA8 /* FormatTests */ = {
			isa = PBXNativeTarget;
			buildConfigurationList = 340F3D241BF5E17F000C2EA8 /* Build configuration list for PBXNativeTarget "FormatTests" */;
			buildPhases = (
				340F3D131BF5E17F000C2EA8 /* Sources */,
				340F3D141BF5E17F000C2EA8 /* Frameworks */,
				340F3D151BF5E17F000C2EA8 /* Resources */,
			);
			buildRules = (
			);
			dependencies = (
				340F3D1A1BF5E17F000C2EA8 /* PBXTargetDependency */,
			);
			name = FormatTests;
			productName = FormatTests;
			productReference = 340F3D171BF5E17F000C2EA8 /* FormatTests.xctest */;
			productType = "com.apple.product-type.bundle.unit-test";
		};
/* End PBXNativeTarget section */

/* Begin PBXProject section */
		340F3D041BF5E17F000C2EA8 /* Project object */ = {
			isa = PBXProject;
			attributes = {
				LastSwiftUpdateCheck = 0710;
				LastUpgradeCheck = 0710;
				ORGANIZATIONNAME = "Roy Marmelstein";
				TargetAttributes = {
					340F3D0C1BF5E17F000C2EA8 = {
						CreatedOnToolsVersion = 7.1;
					};
					340F3D161BF5E17F000C2EA8 = {
						CreatedOnToolsVersion = 7.1;
					};
				};
			};
			buildConfigurationList = 340F3D071BF5E17F000C2EA8 /* Build configuration list for PBXProject "Format" */;
			compatibilityVersion = "Xcode 3.2";
			developmentRegion = English;
			hasScannedForEncodings = 0;
			knownRegions = (
				en,
			);
			mainGroup = 340F3D031BF5E17F000C2EA8;
			productRefGroup = 340F3D0E1BF5E17F000C2EA8 /* Products */;
			projectDirPath = "";
			projectRoot = "";
			targets = (
				340F3D0C1BF5E17F000C2EA8 /* Format */,
				340F3D161BF5E17F000C2EA8 /* FormatTests */,
			);
		};
/* End PBXProject section */

/* Begin PBXResourcesBuildPhase section */
		340F3D0B1BF5E17F000C2EA8 /* Resources */ = {
			isa = PBXResourcesBuildPhase;
			buildActionMask = 2147483647;
			files = (
			);
			runOnlyForDeploymentPostprocessing = 0;
		};
		340F3D151BF5E17F000C2EA8 /* Resources */ = {
			isa = PBXResourcesBuildPhase;
			buildActionMask = 2147483647;
			files = (
			);
			runOnlyForDeploymentPostprocessing = 0;
		};
/* End PBXResourcesBuildPhase section */

/* Begin PBXSourcesBuildPhase section */
		340F3D081BF5E17F000C2EA8 /* Sources */ = {
			isa = PBXSourcesBuildPhase;
			buildActionMask = 2147483647;
			files = (
				345E9B7D1BF892F900A88BD7 /* AddressExtensions.swift in Sources */,
				345E9B741BF8826100A88BD7 /* Currency.swift in Sources */,
				340E40E71BFB3C200054B560 /* ColorFormatter.swift in Sources */,
				345E9B781BF88F4500A88BD7 /* Constants.swift in Sources */,
				341F272E1BFA3D7800D83C8B /* AddressFormatter.swift in Sources */,
				345E9B761BF88CF900A88BD7 /* General.swift in Sources */,
				340F3D2B1BF5E1DE000C2EA8 /* NumberExtensions.swift in Sources */,
				340F3D2F1BF5E213000C2EA8 /* NumberFormatter.swift in Sources */,
				340F3D2D1BF5E1F1000C2EA8 /* Decimals.swift in Sources */,
				34FA3E471C5FB80A000442D3 /* Mass.swift in Sources */,
			);
			runOnlyForDeploymentPostprocessing = 0;
		};
		340F3D131BF5E17F000C2EA8 /* Sources */ = {
			isa = PBXSourcesBuildPhase;
			buildActionMask = 2147483647;
			files = (
				34C74C121C0533E400B4342B /* ColorFormatterTests.swift in Sources */,
				34C74C141C05392D00B4342B /* NumberFormatterTests.swift in Sources */,
			);
			runOnlyForDeploymentPostprocessing = 0;
		};
/* End PBXSourcesBuildPhase section */

/* Begin PBXTargetDependency section */
		340F3D1A1BF5E17F000C2EA8 /* PBXTargetDependency */ = {
			isa = PBXTargetDependency;
			target = 340F3D0C1BF5E17F000C2EA8 /* Format */;
			targetProxy = 340F3D191BF5E17F000C2EA8 /* PBXContainerItemProxy */;
		};
/* End PBXTargetDependency section */

/* Begin XCBuildConfiguration section */
		340F3D1F1BF5E17F000C2EA8 /* Debug */ = {
			isa = XCBuildConfiguration;
			buildSettings = {
				ALWAYS_SEARCH_USER_PATHS = NO;
				CLANG_CXX_LANGUAGE_STANDARD = "gnu++0x";
				CLANG_CXX_LIBRARY = "libc++";
				CLANG_ENABLE_MODULES = YES;
				CLANG_ENABLE_OBJC_ARC = YES;
				CLANG_WARN_BOOL_CONVERSION = YES;
				CLANG_WARN_CONSTANT_CONVERSION = YES;
				CLANG_WARN_DIRECT_OBJC_ISA_USAGE = YES_ERROR;
				CLANG_WARN_EMPTY_BODY = YES;
				CLANG_WARN_ENUM_CONVERSION = YES;
				CLANG_WARN_INT_CONVERSION = YES;
				CLANG_WARN_OBJC_ROOT_CLASS = YES_ERROR;
				CLANG_WARN_UNREACHABLE_CODE = YES;
				CLANG_WARN__DUPLICATE_METHOD_MATCH = YES;
				"CODE_SIGN_IDENTITY[sdk=iphoneos*]" = "iPhone Developer";
				COPY_PHASE_STRIP = NO;
				CURRENT_PROJECT_VERSION = 5;
				DEBUG_INFORMATION_FORMAT = dwarf;
				ENABLE_STRICT_OBJC_MSGSEND = YES;
				ENABLE_TESTABILITY = YES;
				GCC_C_LANGUAGE_STANDARD = gnu99;
				GCC_DYNAMIC_NO_PIC = NO;
				GCC_NO_COMMON_BLOCKS = YES;
				GCC_OPTIMIZATION_LEVEL = 0;
				GCC_PREPROCESSOR_DEFINITIONS = (
					"DEBUG=1",
					"$(inherited)",
				);
				GCC_WARN_64_TO_32_BIT_CONVERSION = YES;
				GCC_WARN_ABOUT_RETURN_TYPE = YES_ERROR;
				GCC_WARN_UNDECLARED_SELECTOR = YES;
				GCC_WARN_UNINITIALIZED_AUTOS = YES_AGGRESSIVE;
				GCC_WARN_UNUSED_FUNCTION = YES;
				GCC_WARN_UNUSED_VARIABLE = YES;
				IPHONEOS_DEPLOYMENT_TARGET = 8.0;
				MTL_ENABLE_DEBUG_INFO = YES;
				ONLY_ACTIVE_ARCH = YES;
				SDKROOT = iphoneos;
				SWIFT_OPTIMIZATION_LEVEL = "-Onone";
				TARGETED_DEVICE_FAMILY = "1,2";
				VERSIONING_SYSTEM = "apple-generic";
				VERSION_INFO_PREFIX = "";
			};
			name = Debug;
		};
		340F3D201BF5E17F000C2EA8 /* Release */ = {
			isa = XCBuildConfiguration;
			buildSettings = {
				ALWAYS_SEARCH_USER_PATHS = NO;
				CLANG_CXX_LANGUAGE_STANDARD = "gnu++0x";
				CLANG_CXX_LIBRARY = "libc++";
				CLANG_ENABLE_MODULES = YES;
				CLANG_ENABLE_OBJC_ARC = YES;
				CLANG_WARN_BOOL_CONVERSION = YES;
				CLANG_WARN_CONSTANT_CONVERSION = YES;
				CLANG_WARN_DIRECT_OBJC_ISA_USAGE = YES_ERROR;
				CLANG_WARN_EMPTY_BODY = YES;
				CLANG_WARN_ENUM_CONVERSION = YES;
				CLANG_WARN_INT_CONVERSION = YES;
				CLANG_WARN_OBJC_ROOT_CLASS = YES_ERROR;
				CLANG_WARN_UNREACHABLE_CODE = YES;
				CLANG_WARN__DUPLICATE_METHOD_MATCH = YES;
				"CODE_SIGN_IDENTITY[sdk=iphoneos*]" = "iPhone Developer";
				COPY_PHASE_STRIP = NO;
				CURRENT_PROJECT_VERSION = 5;
				DEBUG_INFORMATION_FORMAT = "dwarf-with-dsym";
				ENABLE_NS_ASSERTIONS = NO;
				ENABLE_STRICT_OBJC_MSGSEND = YES;
				GCC_C_LANGUAGE_STANDARD = gnu99;
				GCC_NO_COMMON_BLOCKS = YES;
				GCC_WARN_64_TO_32_BIT_CONVERSION = YES;
				GCC_WARN_ABOUT_RETURN_TYPE = YES_ERROR;
				GCC_WARN_UNDECLARED_SELECTOR = YES;
				GCC_WARN_UNINITIALIZED_AUTOS = YES_AGGRESSIVE;
				GCC_WARN_UNUSED_FUNCTION = YES;
				GCC_WARN_UNUSED_VARIABLE = YES;
				IPHONEOS_DEPLOYMENT_TARGET = 8.0;
				MTL_ENABLE_DEBUG_INFO = NO;
				SDKROOT = iphoneos;
				TARGETED_DEVICE_FAMILY = "1,2";
				VALIDATE_PRODUCT = YES;
				VERSIONING_SYSTEM = "apple-generic";
				VERSION_INFO_PREFIX = "";
			};
			name = Release;
		};
		340F3D221BF5E17F000C2EA8 /* Debug */ = {
			isa = XCBuildConfiguration;
			buildSettings = {
				CLANG_ENABLE_MODULES = YES;
				DEFINES_MODULE = YES;
				DYLIB_COMPATIBILITY_VERSION = 1;
				DYLIB_CURRENT_VERSION = 5;
				DYLIB_INSTALL_NAME_BASE = "@rpath";
				INFOPLIST_FILE = Format/Info.plist;
				INSTALL_PATH = "$(LOCAL_LIBRARY_DIR)/Frameworks";
				IPHONEOS_DEPLOYMENT_TARGET = 8.0;
				LD_RUNPATH_SEARCH_PATHS = "$(inherited) @executable_path/Frameworks @loader_path/Frameworks";
				PRODUCT_BUNDLE_IDENTIFIER = com.roymarmelstein.Format;
				PRODUCT_NAME = "$(TARGET_NAME)";
				SKIP_INSTALL = YES;
				SWIFT_OPTIMIZATION_LEVEL = "-Onone";
			};
			name = Debug;
		};
		340F3D231BF5E17F000C2EA8 /* Release */ = {
			isa = XCBuildConfiguration;
			buildSettings = {
				CLANG_ENABLE_MODULES = YES;
				DEFINES_MODULE = YES;
				DYLIB_COMPATIBILITY_VERSION = 1;
				DYLIB_CURRENT_VERSION = 5;
				DYLIB_INSTALL_NAME_BASE = "@rpath";
				INFOPLIST_FILE = Format/Info.plist;
				INSTALL_PATH = "$(LOCAL_LIBRARY_DIR)/Frameworks";
				IPHONEOS_DEPLOYMENT_TARGET = 8.0;
				LD_RUNPATH_SEARCH_PATHS = "$(inherited) @executable_path/Frameworks @loader_path/Frameworks";
				PRODUCT_BUNDLE_IDENTIFIER = com.roymarmelstein.Format;
				PRODUCT_NAME = "$(TARGET_NAME)";
				SKIP_INSTALL = YES;
			};
			name = Release;
		};
		340F3D251BF5E17F000C2EA8 /* Debug */ = {
			isa = XCBuildConfiguration;
			buildSettings = {
				INFOPLIST_FILE = FormatTests/Info.plist;
				LD_RUNPATH_SEARCH_PATHS = "$(inherited) @executable_path/Frameworks @loader_path/Frameworks";
				PRODUCT_BUNDLE_IDENTIFIER = com.roymarmelstein.FormatTests;
				PRODUCT_NAME = "$(TARGET_NAME)";
			};
			name = Debug;
		};
		340F3D261BF5E17F000C2EA8 /* Release */ = {
			isa = XCBuildConfiguration;
			buildSettings = {
				INFOPLIST_FILE = FormatTests/Info.plist;
				LD_RUNPATH_SEARCH_PATHS = "$(inherited) @executable_path/Frameworks @loader_path/Frameworks";
				PRODUCT_BUNDLE_IDENTIFIER = com.roymarmelstein.FormatTests;
				PRODUCT_NAME = "$(TARGET_NAME)";
			};
			name = Release;
		};
/* End XCBuildConfiguration section */

/* Begin XCConfigurationList section */
		340F3D071BF5E17F000C2EA8 /* Build configuration list for PBXProject "Format" */ = {
			isa = XCConfigurationList;
			buildConfigurations = (
				340F3D1F1BF5E17F000C2EA8 /* Debug */,
				340F3D201BF5E17F000C2EA8 /* Release */,
			);
			defaultConfigurationIsVisible = 0;
			defaultConfigurationName = Release;
		};
		340F3D211BF5E17F000C2EA8 /* Build configuration list for PBXNativeTarget "Format" */ = {
			isa = XCConfigurationList;
			buildConfigurations = (
				340F3D221BF5E17F000C2EA8 /* Debug */,
				340F3D231BF5E17F000C2EA8 /* Release */,
			);
			defaultConfigurationIsVisible = 0;
			defaultConfigurationName = Release;
		};
		340F3D241BF5E17F000C2EA8 /* Build configuration list for PBXNativeTarget "FormatTests" */ = {
			isa = XCConfigurationList;
			buildConfigurations = (
				340F3D251BF5E17F000C2EA8 /* Debug */,
				340F3D261BF5E17F000C2EA8 /* Release */,
			);
			defaultConfigurationIsVisible = 0;
			defaultConfigurationName = Release;
		};
/* End XCConfigurationList section */
	};
	rootObject = 340F3D041BF5E17F000C2EA8 /* Project object */;
}
